// !$*UTF8*$!
{
	archiveVersion = 1;
	classes = {
	};
	objectVersion = 50;
	objects = {

/* Begin PBXBuildFile section */
		A77175F62418A81A009666A6 /* AppDelegate.swift in Sources */ = {isa = PBXBuildFile; fileRef = A77175F52418A81A009666A6 /* AppDelegate.swift */; };
		A77175F82418A81A009666A6 /* SceneDelegate.swift in Sources */ = {isa = PBXBuildFile; fileRef = A77175F72418A81A009666A6 /* SceneDelegate.swift */; };
		A77175FA2418A81A009666A6 /* ContentView.swift in Sources */ = {isa = PBXBuildFile; fileRef = A77175F92418A81A009666A6 /* ContentView.swift */; };
		A77175FC2418A81C009666A6 /* Assets.xcassets in Resources */ = {isa = PBXBuildFile; fileRef = A77175FB2418A81C009666A6 /* Assets.xcassets */; };
		A77175FF2418A81C009666A6 /* Preview Assets.xcassets in Resources */ = {isa = PBXBuildFile; fileRef = A77175FE2418A81C009666A6 /* Preview Assets.xcassets */; };
		A77176022418A81C009666A6 /* LaunchScreen.storyboard in Resources */ = {isa = PBXBuildFile; fileRef = A77176002418A81C009666A6 /* LaunchScreen.storyboard */; };
		A771760D2418A81C009666A6 /* SwiftUIDemoTests.swift in Sources */ = {isa = PBXBuildFile; fileRef = A771760C2418A81C009666A6 /* SwiftUIDemoTests.swift */; };
		A77176182418A81C009666A6 /* SwiftUIDemoUITests.swift in Sources */ = {isa = PBXBuildFile; fileRef = A77176172418A81C009666A6 /* SwiftUIDemoUITests.swift */; };
		A77176282418EF97009666A6 /* CircleImage.swift in Sources */ = {isa = PBXBuildFile; fileRef = A77176272418EF97009666A6 /* CircleImage.swift */; };
		A771762A24192096009666A6 /* MapView.swift in Sources */ = {isa = PBXBuildFile; fileRef = A771762924192096009666A6 /* MapView.swift */; };
		A771762D24192CCB009666A6 /* LoginSceneView.swift in Sources */ = {isa = PBXBuildFile; fileRef = A771762C24192CCB009666A6 /* LoginSceneView.swift */; };
		A771762F24192CF9009666A6 /* LoginViewModel.swift in Sources */ = {isa = PBXBuildFile; fileRef = A771762E24192CF9009666A6 /* LoginViewModel.swift */; };
		A771763124192FF1009666A6 /* UIKitTextField.swift in Sources */ = {isa = PBXBuildFile; fileRef = A771763024192FF1009666A6 /* UIKitTextField.swift */; };
/* End PBXBuildFile section */

/* Begin PBXContainerItemProxy section */
		A77176092418A81C009666A6 /* PBXContainerItemProxy */ = {
			isa = PBXContainerItemProxy;
			containerPortal = A77175EA2418A81A009666A6 /* Project object */;
			proxyType = 1;
			remoteGlobalIDString = A77175F12418A81A009666A6;
			remoteInfo = SwiftUIDemo;
		};
		A77176142418A81C009666A6 /* PBXContainerItemProxy */ = {
			isa = PBXContainerItemProxy;
			containerPortal = A77175EA2418A81A009666A6 /* Project object */;
			proxyType = 1;
			remoteGlobalIDString = A77175F12418A81A009666A6;
			remoteInfo = SwiftUIDemo;
		};
/* End PBXContainerItemProxy section */

/* Begin PBXFileReference section */
		A77175F22418A81A009666A6 /* SwiftUIDemo.app */ = {isa = PBXFileReference; explicitFileType = wrapper.application; includeInIndex = 0; path = SwiftUIDemo.app; sourceTree = BUILT_PRODUCTS_DIR; };
		A77175F52418A81A009666A6 /* AppDelegate.swift */ = {isa = PBXFileReference; lastKnownFileType = sourcecode.swift; path = AppDelegate.swift; sourceTree = "<group>"; };
		A77175F72418A81A009666A6 /* SceneDelegate.swift */ = {isa = PBXFileReference; lastKnownFileType = sourcecode.swift; path = SceneDelegate.swift; sourceTree = "<group>"; };
		A77175F92418A81A009666A6 /* ContentView.swift */ = {isa = PBXFileReference; lastKnownFileType = sourcecode.swift; path = ContentView.swift; sourceTree = "<group>"; };
		A77175FB2418A81C009666A6 /* Assets.xcassets */ = {isa = PBXFileReference; lastKnownFileType = folder.assetcatalog; path = Assets.xcassets; sourceTree = "<group>"; };
		A77175FE2418A81C009666A6 /* Preview Assets.xcassets */ = {isa = PBXFileReference; lastKnownFileType = folder.assetcatalog; path = "Preview Assets.xcassets"; sourceTree = "<group>"; };
		A77176012418A81C009666A6 /* Base */ = {isa = PBXFileReference; lastKnownFileType = file.storyboard; name = Base; path = Base.lproj/LaunchScreen.storyboard; sourceTree = "<group>"; };
		A77176032418A81C009666A6 /* Info.plist */ = {isa = PBXFileReference; lastKnownFileType = text.plist.xml; path = Info.plist; sourceTree = "<group>"; };
		A77176082418A81C009666A6 /* SwiftUIDemoTests.xctest */ = {isa = PBXFileReference; explicitFileType = wrapper.cfbundle; includeInIndex = 0; path = SwiftUIDemoTests.xctest; sourceTree = BUILT_PRODUCTS_DIR; };
		A771760C2418A81C009666A6 /* SwiftUIDemoTests.swift */ = {isa = PBXFileReference; lastKnownFileType = sourcecode.swift; path = SwiftUIDemoTests.swift; sourceTree = "<group>"; };
		A771760E2418A81C009666A6 /* Info.plist */ = {isa = PBXFileReference; lastKnownFileType = text.plist.xml; path = Info.plist; sourceTree = "<group>"; };
		A77176132418A81C009666A6 /* SwiftUIDemoUITests.xctest */ = {isa = PBXFileReference; explicitFileType = wrapper.cfbundle; includeInIndex = 0; path = SwiftUIDemoUITests.xctest; sourceTree = BUILT_PRODUCTS_DIR; };
		A77176172418A81C009666A6 /* SwiftUIDemoUITests.swift */ = {isa = PBXFileReference; lastKnownFileType = sourcecode.swift; path = SwiftUIDemoUITests.swift; sourceTree = "<group>"; };
		A77176192418A81C009666A6 /* Info.plist */ = {isa = PBXFileReference; lastKnownFileType = text.plist.xml; path = Info.plist; sourceTree = "<group>"; };
		A77176272418EF97009666A6 /* CircleImage.swift */ = {isa = PBXFileReference; fileEncoding = 4; lastKnownFileType = sourcecode.swift; path = CircleImage.swift; sourceTree = "<group>"; };
		A771762924192096009666A6 /* MapView.swift */ = {isa = PBXFileReference; lastKnownFileType = sourcecode.swift; path = MapView.swift; sourceTree = "<group>"; };
		A771762C24192CCB009666A6 /* LoginSceneView.swift */ = {isa = PBXFileReference; lastKnownFileType = sourcecode.swift; path = LoginSceneView.swift; sourceTree = "<group>"; };
		A771762E24192CF9009666A6 /* LoginViewModel.swift */ = {isa = PBXFileReference; lastKnownFileType = sourcecode.swift; path = LoginViewModel.swift; sourceTree = "<group>"; };
		A771763024192FF1009666A6 /* UIKitTextField.swift */ = {isa = PBXFileReference; lastKnownFileType = sourcecode.swift; path = UIKitTextField.swift; sourceTree = "<group>"; };
/* End PBXFileReference section */

/* Begin PBXFrameworksBuildPhase section */
		A77175EF2418A81A009666A6 /* Frameworks */ = {
			isa = PBXFrameworksBuildPhase;
			buildActionMask = 2147483647;
			files = (
			);
			runOnlyForDeploymentPostprocessing = 0;
		};
		A77176052418A81C009666A6 /* Frameworks */ = {
			isa = PBXFrameworksBuildPhase;
			buildActionMask = 2147483647;
			files = (
			);
			runOnlyForDeploymentPostprocessing = 0;
		};
		A77176102418A81C009666A6 /* Frameworks */ = {
			isa = PBXFrameworksBuildPhase;
			buildActionMask = 2147483647;
			files = (
			);
			runOnlyForDeploymentPostprocessing = 0;
		};
/* End PBXFrameworksBuildPhase section */

/* Begin PBXGroup section */
		A77175E92418A81A009666A6 = {
			isa = PBXGroup;
			children = (
				A77175F42418A81A009666A6 /* SwiftUIDemo */,
				A771760B2418A81C009666A6 /* SwiftUIDemoTests */,
				A77176162418A81C009666A6 /* SwiftUIDemoUITests */,
				A77175F32418A81A009666A6 /* Products */,
			);
			sourceTree = "<group>";
		};
		A77175F32418A81A009666A6 /* Products */ = {
			isa = PBXGroup;
			children = (
				A77175F22418A81A009666A6 /* SwiftUIDemo.app */,
				A77176082418A81C009666A6 /* SwiftUIDemoTests.xctest */,
				A77176132418A81C009666A6 /* SwiftUIDemoUITests.xctest */,
			);
			name = Products;
			sourceTree = "<group>";
		};
		A77175F42418A81A009666A6 /* SwiftUIDemo */ = {
			isa = PBXGroup;
			children = (
				A771762B24192CBE009666A6 /* LogonView */,
				A77176272418EF97009666A6 /* CircleImage.swift */,
				A77175F52418A81A009666A6 /* AppDelegate.swift */,
				A77175F72418A81A009666A6 /* SceneDelegate.swift */,
				A77175F92418A81A009666A6 /* ContentView.swift */,
				A77175FB2418A81C009666A6 /* Assets.xcassets */,
				A77176002418A81C009666A6 /* LaunchScreen.storyboard */,
				A77176032418A81C009666A6 /* Info.plist */,
				A77175FD2418A81C009666A6 /* Preview Content */,
				A771762924192096009666A6 /* MapView.swift */,
			);
			path = SwiftUIDemo;
			sourceTree = "<group>";
		};
		A77175FD2418A81C009666A6 /* Preview Content */ = {
			isa = PBXGroup;
			children = (
				A77175FE2418A81C009666A6 /* Preview Assets.xcassets */,
			);
			path = "Preview Content";
			sourceTree = "<group>";
		};
		A771760B2418A81C009666A6 /* SwiftUIDemoTests */ = {
			isa = PBXGroup;
			children = (
				A771760C2418A81C009666A6 /* SwiftUIDemoTests.swift */,
				A771760E2418A81C009666A6 /* Info.plist */,
			);
			path = SwiftUIDemoTests;
			sourceTree = "<group>";
		};
		A77176162418A81C009666A6 /* SwiftUIDemoUITests */ = {
			isa = PBXGroup;
			children = (
				A77176172418A81C009666A6 /* SwiftUIDemoUITests.swift */,
				A77176192418A81C009666A6 /* Info.plist */,
			);
			path = SwiftUIDemoUITests;
			sourceTree = "<group>";
		};
		A771762B24192CBE009666A6 /* LogonView */ = {
			isa = PBXGroup;
			children = (
				A771762C24192CCB009666A6 /* LoginSceneView.swift */,
				A771762E24192CF9009666A6 /* LoginViewModel.swift */,
				A771763024192FF1009666A6 /* UIKitTextField.swift */,
			);
			path = LogonView;
			sourceTree = "<group>";
		};
/* End PBXGroup section */

/* Begin PBXNativeTarget section */
		A77175F12418A81A009666A6 /* SwiftUIDemo */ = {
			isa = PBXNativeTarget;
			buildConfigurationList = A771761C2418A81C009666A6 /* Build configuration list for PBXNativeTarget "SwiftUIDemo" */;
			buildPhases = (
				A77175EE2418A81A009666A6 /* Sources */,
				A77175EF2418A81A009666A6 /* Frameworks */,
				A77175F02418A81A009666A6 /* Resources */,
			);
			buildRules = (
			);
			dependencies = (
			);
			name = SwiftUIDemo;
			productName = SwiftUIDemo;
			productReference = A77175F22418A81A009666A6 /* SwiftUIDemo.app */;
			productType = "com.apple.product-type.application";
		};
		A77176072418A81C009666A6 /* SwiftUIDemoTests */ = {
			isa = PBXNativeTarget;
			buildConfigurationList = A771761F2418A81C009666A6 /* Build configuration list for PBXNativeTarget "SwiftUIDemoTests" */;
			buildPhases = (
				A77176042418A81C009666A6 /* Sources */,
				A77176052418A81C009666A6 /* Frameworks */,
				A77176062418A81C009666A6 /* Resources */,
			);
			buildRules = (
			);
			dependencies = (
				A771760A2418A81C009666A6 /* PBXTargetDependency */,
			);
			name = SwiftUIDemoTests;
			productName = SwiftUIDemoTests;
			productReference = A77176082418A81C009666A6 /* SwiftUIDemoTests.xctest */;
			productType = "com.apple.product-type.bundle.unit-test";
		};
		A77176122418A81C009666A6 /* SwiftUIDemoUITests */ = {
			isa = PBXNativeTarget;
			buildConfigurationList = A77176222418A81C009666A6 /* Build configuration list for PBXNativeTarget "SwiftUIDemoUITests" */;
			buildPhases = (
				A771760F2418A81C009666A6 /* Sources */,
				A77176102418A81C009666A6 /* Frameworks */,
				A77176112418A81C009666A6 /* Resources */,
			);
			buildRules = (
			);
			dependencies = (
				A77176152418A81C009666A6 /* PBXTargetDependency */,
			);
			name = SwiftUIDemoUITests;
			productName = SwiftUIDemoUITests;
			productReference = A77176132418A81C009666A6 /* SwiftUIDemoUITests.xctest */;
			productType = "com.apple.product-type.bundle.ui-testing";
		};
/* End PBXNativeTarget section */

/* Begin PBXProject section */
		A77175EA2418A81A009666A6 /* Project object */ = {
			isa = PBXProject;
			attributes = {
				LastSwiftUpdateCheck = 1120;
				LastUpgradeCheck = 1120;
				ORGANIZATIONNAME = "dan wang";
				TargetAttributes = {
					A77175F12418A81A009666A6 = {
						CreatedOnToolsVersion = 11.2;
					};
					A77176072418A81C009666A6 = {
						CreatedOnToolsVersion = 11.2;
						TestTargetID = A77175F12418A81A009666A6;
					};
					A77176122418A81C009666A6 = {
						CreatedOnToolsVersion = 11.2;
						TestTargetID = A77175F12418A81A009666A6;
					};
				};
			};
			buildConfigurationList = A77175ED2418A81A009666A6 /* Build configuration list for PBXProject "SwiftUIDemo" */;
			compatibilityVersion = "Xcode 9.3";
			developmentRegion = en;
			hasScannedForEncodings = 0;
			knownRegions = (
				en,
				Base,
			);
			mainGroup = A77175E92418A81A009666A6;
			productRefGroup = A77175F32418A81A009666A6 /* Products */;
			projectDirPath = "";
			projectRoot = "";
			targets = (
				A77175F12418A81A009666A6 /* SwiftUIDemo */,
				A77176072418A81C009666A6 /* SwiftUIDemoTests */,
				A77176122418A81C009666A6 /* SwiftUIDemoUITests */,
			);
		};
/* End PBXProject section */

/* Begin PBXResourcesBuildPhase section */
		A77175F02418A81A009666A6 /* Resources */ = {
			isa = PBXResourcesBuildPhase;
			buildActionMask = 2147483647;
			files = (
				A77176022418A81C009666A6 /* LaunchScreen.storyboard in Resources */,
				A77175FF2418A81C009666A6 /* Preview Assets.xcassets in Resources */,
				A77175FC2418A81C009666A6 /* Assets.xcassets in Resources */,
			);
			runOnlyForDeploymentPostprocessing = 0;
		};
		A77176062418A81C009666A6 /* Resources */ = {
			isa = PBXResourcesBuildPhase;
			buildActionMask = 2147483647;
			files = (
			);
			runOnlyForDeploymentPostprocessing = 0;
		};
		A77176112418A81C009666A6 /* Resources */ = {
			isa = PBXResourcesBuildPhase;
			buildActionMask = 2147483647;
			files = (
			);
			runOnlyForDeploymentPostprocessing = 0;
		};
/* End PBXResourcesBuildPhase section */

/* Begin PBXSourcesBuildPhase section */
		A77175EE2418A81A009666A6 /* Sources */ = {
			isa = PBXSourcesBuildPhase;
			buildActionMask = 2147483647;
			files = (
				A77175F62418A81A009666A6 /* AppDelegate.swift in Sources */,
				A77176282418EF97009666A6 /* CircleImage.swift in Sources */,
				A771762A24192096009666A6 /* MapView.swift in Sources */,
				A771762D24192CCB009666A6 /* LoginSceneView.swift in Sources */,
				A77175F82418A81A009666A6 /* SceneDelegate.swift in Sources */,
				A77175FA2418A81A009666A6 /* ContentView.swift in Sources */,
				A771763124192FF1009666A6 /* UIKitTextField.swift in Sources */,
				A771762F24192CF9009666A6 /* LoginViewModel.swift in Sources */,
			);
			runOnlyForDeploymentPostprocessing = 0;
		};
		A77176042418A81C009666A6 /* Sources */ = {
			isa = PBXSourcesBuildPhase;
			buildActionMask = 2147483647;
			files = (
				A771760D2418A81C009666A6 /* SwiftUIDemoTests.swift in Sources */,
			);
			runOnlyForDeploymentPostprocessing = 0;
		};
		A771760F2418A81C009666A6 /* Sources */ = {
			isa = PBXSourcesBuildPhase;
			buildActionMask = 2147483647;
			files = (
				A77176182418A81C009666A6 /* SwiftUIDemoUITests.swift in Sources */,
			);
			runOnlyForDeploymentPostprocessing = 0;
		};
/* End PBXSourcesBuildPhase section */

/* Begin PBXTargetDependency section */
		A771760A2418A81C009666A6 /* PBXTargetDependency */ = {
			isa = PBXTargetDependency;
			target = A77175F12418A81A009666A6 /* SwiftUIDemo */;
			targetProxy = A77176092418A81C009666A6 /* PBXContainerItemProxy */;
		};
		A77176152418A81C009666A6 /* PBXTargetDependency */ = {
			isa = PBXTargetDependency;
			target = A77175F12418A81A009666A6 /* SwiftUIDemo */;
			targetProxy = A77176142418A81C009666A6 /* PBXContainerItemProxy */;
		};
/* End PBXTargetDependency section */

/* Begin PBXVariantGroup section */
		A77176002418A81C009666A6 /* LaunchScreen.storyboard */ = {
			isa = PBXVariantGroup;
			children = (
				A77176012418A81C009666A6 /* Base */,
			);
			name = LaunchScreen.storyboard;
			sourceTree = "<group>";
		};
/* End PBXVariantGroup section */

/* Begin XCBuildConfiguration section */
		A771761A2418A81C009666A6 /* Debug */ = {
			isa = XCBuildConfiguration;
			buildSettings = {
				ALWAYS_SEARCH_USER_PATHS = NO;
				CLANG_ANALYZER_NONNULL = YES;
				CLANG_ANALYZER_NUMBER_OBJECT_CONVERSION = YES_AGGRESSIVE;
				CLANG_CXX_LANGUAGE_STANDARD = "gnu++14";
				CLANG_CXX_LIBRARY = "libc++";
				CLANG_ENABLE_MODULES = YES;
				CLANG_ENABLE_OBJC_ARC = YES;
				CLANG_ENABLE_OBJC_WEAK = YES;
				CLANG_WARN_BLOCK_CAPTURE_AUTORELEASING = YES;
				CLANG_WARN_BOOL_CONVERSION = YES;
				CLANG_WARN_COMMA = YES;
				CLANG_WARN_CONSTANT_CONVERSION = YES;
				CLANG_WARN_DEPRECATED_OBJC_IMPLEMENTATIONS = YES;
				CLANG_WARN_DIRECT_OBJC_ISA_USAGE = YES_ERROR;
				CLANG_WARN_DOCUMENTATION_COMMENTS = YES;
				CLANG_WARN_EMPTY_BODY = YES;
				CLANG_WARN_ENUM_CONVERSION = YES;
				CLANG_WARN_INFINITE_RECURSION = YES;
				CLANG_WARN_INT_CONVERSION = YES;
				CLANG_WARN_NON_LITERAL_NULL_CONVERSION = YES;
				CLANG_WARN_OBJC_IMPLICIT_RETAIN_SELF = YES;
				CLANG_WARN_OBJC_LITERAL_CONVERSION = YES;
				CLANG_WARN_OBJC_ROOT_CLASS = YES_ERROR;
				CLANG_WARN_RANGE_LOOP_ANALYSIS = YES;
				CLANG_WARN_STRICT_PROTOTYPES = YES;
				CLANG_WARN_SUSPICIOUS_MOVE = YES;
				CLANG_WARN_UNGUARDED_AVAILABILITY = YES_AGGRESSIVE;
				CLANG_WARN_UNREACHABLE_CODE = YES;
				CLANG_WARN__DUPLICATE_METHOD_MATCH = YES;
				COPY_PHASE_STRIP = NO;
				DEBUG_INFORMATION_FORMAT = dwarf;
				ENABLE_STRICT_OBJC_MSGSEND = YES;
				ENABLE_TESTABILITY = YES;
				GCC_C_LANGUAGE_STANDARD = gnu11;
				GCC_DYNAMIC_NO_PIC = NO;
				GCC_NO_COMMON_BLOCKS = YES;
				GCC_OPTIMIZATION_LEVEL = 0;
				GCC_PREPROCESSOR_DEFINITIONS = (
					"DEBUG=1",
					"$(inherited)",
				);
				GCC_WARN_64_TO_32_BIT_CONVERSION = YES;
				GCC_WARN_ABOUT_RETURN_TYPE = YES_ERROR;
				GCC_WARN_UNDECLARED_SELECTOR = YES;
				GCC_WARN_UNINITIALIZED_AUTOS = YES_AGGRESSIVE;
				GCC_WARN_UNUSED_FUNCTION = YES;
				GCC_WARN_UNUSED_VARIABLE = YES;
				IPHONEOS_DEPLOYMENT_TARGET = 13.2;
				MTL_ENABLE_DEBUG_INFO = INCLUDE_SOURCE;
				MTL_FAST_MATH = YES;
				ONLY_ACTIVE_ARCH = YES;
				SDKROOT = iphoneos;
				SWIFT_ACTIVE_COMPILATION_CONDITIONS = DEBUG;
				SWIFT_OPTIMIZATION_LEVEL = "-Onone";
			};
			name = Debug;
		};
		A771761B2418A81C009666A6 /* Release */ = {
			isa = XCBuildConfiguration;
			buildSettings = {
				ALWAYS_SEARCH_USER_PATHS = NO;
				CLANG_ANALYZER_NONNULL = YES;
				CLANG_ANALYZER_NUMBER_OBJECT_CONVERSION = YES_AGGRESSIVE;
				CLANG_CXX_LANGUAGE_STANDARD = "gnu++14";
				CLANG_CXX_LIBRARY = "libc++";
				CLANG_ENABLE_MODULES = YES;
				CLANG_ENABLE_OBJC_ARC = YES;
				CLANG_ENABLE_OBJC_WEAK = YES;
				CLANG_WARN_BLOCK_CAPTURE_AUTORELEASING = YES;
				CLANG_WARN_BOOL_CONVERSION = YES;
				CLANG_WARN_COMMA = YES;
				CLANG_WARN_CONSTANT_CONVERSION = YES;
				CLANG_WARN_DEPRECATED_OBJC_IMPLEMENTATIONS = YES;
				CLANG_WARN_DIRECT_OBJC_ISA_USAGE = YES_ERROR;
				CLANG_WARN_DOCUMENTATION_COMMENTS = YES;
				CLANG_WARN_EMPTY_BODY = YES;
				CLANG_WARN_ENUM_CONVERSION = YES;
				CLANG_WARN_INFINITE_RECURSION = YES;
				CLANG_WARN_INT_CONVERSION = YES;
				CLANG_WARN_NON_LITERAL_NULL_CONVERSION = YES;
				CLANG_WARN_OBJC_IMPLICIT_RETAIN_SELF = YES;
				CLANG_WARN_OBJC_LITERAL_CONVERSION = YES;
				CLANG_WARN_OBJC_ROOT_CLASS = YES_ERROR;
				CLANG_WARN_RANGE_LOOP_ANALYSIS = YES;
				CLANG_WARN_STRICT_PROTOTYPES = YES;
				CLANG_WARN_SUSPICIOUS_MOVE = YES;
				CLANG_WARN_UNGUARDED_AVAILABILITY = YES_AGGRESSIVE;
				CLANG_WARN_UNREACHABLE_CODE = YES;
				CLANG_WARN__DUPLICATE_METHOD_MATCH = YES;
				COPY_PHASE_STRIP = NO;
				DEBUG_INFORMATION_FORMAT = "dwarf-with-dsym";
				ENABLE_NS_ASSERTIONS = NO;
				ENABLE_STRICT_OBJC_MSGSEND = YES;
				GCC_C_LANGUAGE_STANDARD = gnu11;
				GCC_NO_COMMON_BLOCKS = YES;
				GCC_WARN_64_TO_32_BIT_CONVERSION = YES;
				GCC_WARN_ABOUT_RETURN_TYPE = YES_ERROR;
				GCC_WARN_UNDECLARED_SELECTOR = YES;
				GCC_WARN_UNINITIALIZED_AUTOS = YES_AGGRESSIVE;
				GCC_WARN_UNUSED_FUNCTION = YES;
				GCC_WARN_UNUSED_VARIABLE = YES;
				IPHONEOS_DEPLOYMENT_TARGET = 13.2;
				MTL_ENABLE_DEBUG_INFO = NO;
				MTL_FAST_MATH = YES;
				SDKROOT = iphoneos;
				SWIFT_COMPILATION_MODE = wholemodule;
				SWIFT_OPTIMIZATION_LEVEL = "-O";
				VALIDATE_PRODUCT = YES;
			};
			name = Release;
		};
		A771761D2418A81C009666A6 /* Debug */ = {
			isa = XCBuildConfiguration;
			buildSettings = {
				ASSETCATALOG_COMPILER_APPICON_NAME = AppIcon;
				CODE_SIGN_STYLE = Automatic;
				DEVELOPMENT_ASSET_PATHS = "\"SwiftUIDemo/Preview Content\"";
				DEVELOPMENT_TEAM = N3J57T9P8L;
				ENABLE_PREVIEWS = YES;
				INFOPLIST_FILE = SwiftUIDemo/Info.plist;
				LD_RUNPATH_SEARCH_PATHS = (
					"$(inherited)",
					"@executable_path/Frameworks",
				);
				PRODUCT_BUNDLE_IDENTIFIER = com.carrie.SwiftUIDemo;
				PRODUCT_NAME = "$(TARGET_NAME)";
				SWIFT_VERSION = 5.0;
				TARGETED_DEVICE_FAMILY = "1,2";
			};
			name = Debug;
		};
		A771761E2418A81C009666A6 /* Release */ = {
			isa = XCBuildConfiguration;
			buildSettings = {
				ASSETCATALOG_COMPILER_APPICON_NAME = AppIcon;
				CODE_SIGN_STYLE = Automatic;
				DEVELOPMENT_ASSET_PATHS = "\"SwiftUIDemo/Preview Content\"";
				DEVELOPMENT_TEAM = N3J57T9P8L;
				ENABLE_PREVIEWS = YES;
				INFOPLIST_FILE = SwiftUIDemo/Info.plist;
				LD_RUNPATH_SEARCH_PATHS = (
					"$(inherited)",
					"@executable_path/Frameworks",
				);
				PRODUCT_BUNDLE_IDENTIFIER = com.carrie.SwiftUIDemo;
				PRODUCT_NAME = "$(TARGET_NAME)";
				SWIFT_VERSION = 5.0;
				TARGETED_DEVICE_FAMILY = "1,2";
			};
			name = Release;
		};
		A77176202418A81C009666A6 /* Debug */ = {
			isa = XCBuildConfiguration;
			buildSettings = {
				ALWAYS_EMBED_SWIFT_STANDARD_LIBRARIES = YES;
				BUNDLE_LOADER = "$(TEST_HOST)";
				CODE_SIGN_STYLE = Automatic;
				DEVELOPMENT_TEAM = N3J57T9P8L;
				INFOPLIST_FILE = SwiftUIDemoTests/Info.plist;
				IPHONEOS_DEPLOYMENT_TARGET = 13.2;
				LD_RUNPATH_SEARCH_PATHS = (
					"$(inherited)",
					"@executable_path/Frameworks",
					"@loader_path/Frameworks",
				);
				PRODUCT_BUNDLE_IDENTIFIER = com.carrie.SwiftUIDemoTests;
				PRODUCT_NAME = "$(TARGET_NAME)";
				SWIFT_VERSION = 5.0;
				TARGETED_DEVICE_FAMILY = "1,2";
				TEST_HOST = "$(BUILT_PRODUCTS_DIR)/SwiftUIDemo.app/SwiftUIDemo";
			};
			name = Debug;
		};
		A77176212418A81C009666A6 /* Release */ = {
			isa = XCBuildConfiguration;
			buildSettings = {
				ALWAYS_EMBED_SWIFT_STANDARD_LIBRARIES = YES;
				BUNDLE_LOADER = "$(TEST_HOST)";
				CODE_SIGN_STYLE = Automatic;
				DEVELOPMENT_TEAM = N3J57T9P8L;
				INFOPLIST_FILE = SwiftUIDemoTests/Info.plist;
				IPHONEOS_DEPLOYMENT_TARGET = 13.2;
				LD_RUNPATH_SEARCH_PATHS = (
					"$(inherited)",
					"@executable_path/Frameworks",
					"@loader_path/Frameworks",
				);
				PRODUCT_BUNDLE_IDENTIFIER = com.carrie.SwiftUIDemoTests;
				PRODUCT_NAME = "$(TARGET_NAME)";
				SWIFT_VERSION = 5.0;
				TARGETED_DEVICE_FAMILY = "1,2";
				TEST_HOST = "$(BUILT_PRODUCTS_DIR)/SwiftUIDemo.app/SwiftUIDemo";
			};
			name = Release;
		};
		A77176232418A81C009666A6 /* Debug */ = {
			isa = XCBuildConfiguration;
			buildSettings = {
				ALWAYS_EMBED_SWIFT_STANDARD_LIBRARIES = YES;
				CODE_SIGN_STYLE = Automatic;
				DEVELOPMENT_TEAM = N3J57T9P8L;
				INFOPLIST_FILE = SwiftUIDemoUITests/Info.plist;
				LD_RUNPATH_SEARCH_PATHS = (
					"$(inherited)",
					"@executable_path/Frameworks",
					"@loader_path/Frameworks",
				);
				PRODUCT_BUNDLE_IDENTIFIER = com.carrie.SwiftUIDemoUITests;
				PRODUCT_NAME = "$(TARGET_NAME)";
				SWIFT_VERSION = 5.0;
				TARGETED_DEVICE_FAMILY = "1,2";
				TEST_TARGET_NAME = SwiftUIDemo;
			};
			name = Debug;
		};
		A77176242418A81C009666A6 /* Release */ = {
			isa = XCBuildConfiguration;
			buildSettings = {
				ALWAYS_EMBED_SWIFT_STANDARD_LIBRARIES = YES;
				CODE_SIGN_STYLE = Automatic;
				DEVELOPMENT_TEAM = N3J57T9P8L;
				INFOPLIST_FILE = SwiftUIDemoUITests/Info.plist;
				LD_RUNPATH_SEARCH_PATHS = (
					"$(inherited)",
					"@executable_path/Frameworks",
					"@loader_path/Frameworks",
				);
				PRODUCT_BUNDLE_IDENTIFIER = com.carrie.SwiftUIDemoUITests;
				PRODUCT_NAME = "$(TARGET_NAME)";
				SWIFT_VERSION = 5.0;
				TARGETED_DEVICE_FAMILY = "1,2";
				TEST_TARGET_NAME = SwiftUIDemo;
			};
			name = Release;
		};
/* End XCBuildConfiguration section */

/* Begin XCConfigurationList section */
		A77175ED2418A81A009666A6 /* Build configuration list for PBXProject "SwiftUIDemo" */ = {
			isa = XCConfigurationList;
			buildConfigurations = (
				A771761A2418A81C009666A6 /* Debug */,
				A771761B2418A81C009666A6 /* Release */,
			);
			defaultConfigurationIsVisible = 0;
			defaultConfigurationName = Release;
		};
		A771761C2418A81C009666A6 /* Build configuration list for PBXNativeTarget "SwiftUIDemo" */ = {
			isa = XCConfigurationList;
			buildConfigurations = (
				A771761D2418A81C009666A6 /* Debug */,
				A771761E2418A81C009666A6 /* Release */,
			);
			defaultConfigurationIsVisible = 0;
			defaultConfigurationName = Release;
		};
		A771761F2418A81C009666A6 /* Build configuration list for PBXNativeTarget "SwiftUIDemoTests" */ = {
			isa = XCConfigurationList;
			buildConfigurations = (
				A77176202418A81C009666A6 /* Debug */,
				A77176212418A81C009666A6 /* Release */,
			);
			defaultConfigurationIsVisible = 0;
			defaultConfigurationName = Release;
		};
		A77176222418A81C009666A6 /* Build configuration list for PBXNativeTarget "SwiftUIDemoUITests" */ = {
			isa = XCConfigurationList;
			buildConfigurations = (
				A77176232418A81C009666A6 /* Debug */,
				A77176242418A81C009666A6 /* Release */,
			);
			defaultConfigurationIsVisible = 0;
			defaultConfigurationName = Release;
		};
/* End XCConfigurationList section */
	};
	rootObject = A77175EA2418A81A009666A6 /* Project object */;
}
